{
    "name": "xt-bind",
    "version": "1.0.1",
    "lockfileVersion": 1,
    "requires": true,
    "dependencies": {
        "@types/node": {
            "version": "16.18.82",
            "resolved": "https://registry.npmmirror.com/@types/node/-/node-16.18.82.tgz",
            "integrity": "sha512-pcDZtkx9z8XYV+ius2P3Ot2VVrcYOfXffBQUBuiszrlUzKSmoDYqo+mV+IoL8iIiIjjtOMvNSmH1hwJ+Q+f96Q==",
            "dev": true
        },
        "typescript": {
            "version": "4.9.5",
            "resolved": "https://registry.npmmirror.com/typescript/-/typescript-4.9.5.tgz",
            "integrity": "sha512-1FXk9E2Hm+QzZQ7z+McJiHL4NW1F2EzMu9Nq9i3zAaGqibafqYwCVU6WyWAuyQRRzOlxou8xZSyXLEN8oKj24g==",
            "dev": true
        }
    }
}
